
Microsoft Visual Studio Solution File, Format Version 12.00
# Visual Studio Version 17
VisualStudioVersion = 17.8.34525.116
MinimumVisualStudioVersion = 10.0.40219.1
Project("{2150E333-8FDC-42A3-9474-1A3956D46DE8}") = "src", "src", "{068BE6AA-C899-4362-97B5-D4CFE87EA426}"
EndProject
Project("{2150E333-8FDC-42A3-9474-1A3956D46DE8}") = "tests", "tests", "{E76E55DF-8F46-46DB-8B96-03B4A559C4D9}"
EndProject
Project("{FAE04EC0-301F-11D3-BF4B-00C04F79EFBC}") = "Leilao.API", "src\Leilao.API\Leilao.API.csproj", "{FD808BDF-A056-4F51-9457-6181547A4C86}"
EndProject
Global
	GlobalSection(SolutionConfigurationPlatforms) = preSolution
		Debug|Any CPU = Debug|Any CPU
		Release|Any CPU = Release|Any CPU
	EndGlobalSection
	GlobalSection(ProjectConfigurationPlatforms) = postSolution
		{FD808BDF-A056-4F51-9457-6181547A4C86}.Debug|Any CPU.ActiveCfg = Debug|Any CPU
		{FD808BDF-A056-4F51-9457-6181547A4C86}.Debug|Any CPU.Build.0 = Debug|Any CPU
		{FD808BDF-A056-4F51-9457-6181547A4C86}.Release|Any CPU.ActiveCfg = Release|Any CPU
		{FD808BDF-A056-4F51-9457-6181547A4C86}.Release|Any CPU.Build.0 = Release|Any CPU
	EndGlobalSection
	GlobalSection(SolutionProperties) = preSolution
		HideSolutionNode = FALSE
	EndGlobalSection
	GlobalSection(NestedProjects) = preSolution
		{FD808BDF-A056-4F51-9457-6181547A4C86} = {068BE6AA-C899-4362-97B5-D4CFE87EA426}
	EndGlobalSection
	GlobalSection(ExtensibilityGlobals) = postSolution
		SolutionGuid = {05F669AF-B183-404D-96EA-BAC2A9E33CF3}
	EndGlobalSection
EndGlobal
